{
    "_meta": {
        "hash": {
            "sha256": "d1b8da7258bca8e0fcf1459030332c626a5a12690c7a0c9e38666c7d7236c3c0"
        },
        "pipfile-spec": 6,
        "requires": {
            "python_version": "3.10"
        },
        "sources": [
            {
                "name": "pypi",
                "url": "https://pypi.org/simple",
                "verify_ssl": true
            }
        ]
    },
    "default": {
        "about-time": {
            "hashes": [
                "sha256:6a538862d33ce67d997429d14998310e1dbfda6cb7d9bbfbf799c4709847fece",
                "sha256:8bbf4c75fe13cbd3d72f49a03b02c5c7dca32169b6d49117c257e7eb3eaee341"
            ],
            "markers": "python_version >= '3.7' and python_version < '4'",
            "version": "==4.2.1"
        },
        "alive-progress": {
            "hashes": [
                "sha256:74a95d8d0d42bc99d3a3725dbd06ebb852245f1b64e301a7c375b92b22663f7b",
                "sha256:c80ad87ce9c1054b01135a87fae69ecebbfc2107497ae87cbe6aec7e534903db"
            ],
            "index": "pypi",
            "markers": "python_version >= '3.7' and python_version < '4'",
            "version": "==3.1.4"
        },
        "certifi": {
            "hashes": [
                "sha256:539cc1d13202e33ca466e88b2807e29f4c13049d6d87031a3c110744495cb082",
                "sha256:92d6037539857d8206b8f6ae472e8b77db8058fec5937a1ef3f54304089edbb9"
            ],
            "markers": "python_version >= '3.6'",
            "version": "==2023.7.22"
        },
        "charset-normalizer": {
            "hashes": [
                "sha256:04e57ab9fbf9607b77f7d057974694b4f6b142da9ed4a199859d9d4d5c63fe96",
                "sha256:09393e1b2a9461950b1c9a45d5fd251dc7c6f228acab64da1c9c0165d9c7765c",
                "sha256:0b87549028f680ca955556e3bd57013ab47474c3124dc069faa0b6545b6c9710",
                "sha256:1000fba1057b92a65daec275aec30586c3de2401ccdcd41f8a5c1e2c87078706",
                "sha256:1249cbbf3d3b04902ff081ffbb33ce3377fa6e4c7356f759f3cd076cc138d020",
                "sha256:1920d4ff15ce893210c1f0c0e9d19bfbecb7983c76b33f046c13a8ffbd570252",
                "sha256:193cbc708ea3aca45e7221ae58f0fd63f933753a9bfb498a3b474878f12caaad",
                "sha256:1a100c6d595a7f316f1b6f01d20815d916e75ff98c27a01ae817439ea7726329",
                "sha256:1f30b48dd7fa1474554b0b0f3fdfdd4c13b5c737a3c6284d3cdc424ec0ffff3a",
                "sha256:203f0c8871d5a7987be20c72442488a0b8cfd0f43b7973771640fc593f56321f",
                "sha256:246de67b99b6851627d945db38147d1b209a899311b1305dd84916f2b88526c6",
                "sha256:2dee8e57f052ef5353cf608e0b4c871aee320dd1b87d351c28764fc0ca55f9f4",
                "sha256:2efb1bd13885392adfda4614c33d3b68dee4921fd0ac1d3988f8cbb7d589e72a",
                "sha256:2f4ac36d8e2b4cc1aa71df3dd84ff8efbe3bfb97ac41242fbcfc053c67434f46",
                "sha256:3170c9399da12c9dc66366e9d14da8bf7147e1e9d9ea566067bbce7bb74bd9c2",
                "sha256:3b1613dd5aee995ec6d4c69f00378bbd07614702a315a2cf6c1d21461fe17c23",
                "sha256:3bb3d25a8e6c0aedd251753a79ae98a093c7e7b471faa3aa9a93a81431987ace",
                "sha256:3bb7fda7260735efe66d5107fb7e6af6a7c04c7fce9b2514e04b7a74b06bf5dd",
                "sha256:41b25eaa7d15909cf3ac4c96088c1f266a9a93ec44f87f1d13d4a0e86c81b982",
                "sha256:45de3f87179c1823e6d9e32156fb14c1927fcc9aba21433f088fdfb555b77c10",
                "sha256:46fb8c61d794b78ec7134a715a3e564aafc8f6b5e338417cb19fe9f57a5a9bf2",
                "sha256:48021783bdf96e3d6de03a6e39a1171ed5bd7e8bb93fc84cc649d11490f87cea",
                "sha256:4957669ef390f0e6719db3613ab3a7631e68424604a7b448f079bee145da6e09",
                "sha256:5e86d77b090dbddbe78867a0275cb4df08ea195e660f1f7f13435a4649e954e5",
                "sha256:6339d047dab2780cc6220f46306628e04d9750f02f983ddb37439ca47ced7149",
                "sha256:681eb3d7e02e3c3655d1b16059fbfb605ac464c834a0c629048a30fad2b27489",
                "sha256:6c409c0deba34f147f77efaa67b8e4bb83d2f11c8806405f76397ae5b8c0d1c9",
                "sha256:7095f6fbfaa55defb6b733cfeb14efaae7a29f0b59d8cf213be4e7ca0b857b80",
                "sha256:70c610f6cbe4b9fce272c407dd9d07e33e6bf7b4aa1b7ffb6f6ded8e634e3592",
                "sha256:72814c01533f51d68702802d74f77ea026b5ec52793c791e2da806a3844a46c3",
                "sha256:7a4826ad2bd6b07ca615c74ab91f32f6c96d08f6fcc3902ceeedaec8cdc3bcd6",
                "sha256:7c70087bfee18a42b4040bb9ec1ca15a08242cf5867c58726530bdf3945672ed",
                "sha256:855eafa5d5a2034b4621c74925d89c5efef61418570e5ef9b37717d9c796419c",
                "sha256:8700f06d0ce6f128de3ccdbc1acaea1ee264d2caa9ca05daaf492fde7c2a7200",
                "sha256:89f1b185a01fe560bc8ae5f619e924407efca2191b56ce749ec84982fc59a32a",
                "sha256:8b2c760cfc7042b27ebdb4a43a4453bd829a5742503599144d54a032c5dc7e9e",
                "sha256:8c2f5e83493748286002f9369f3e6607c565a6a90425a3a1fef5ae32a36d749d",
                "sha256:8e098148dd37b4ce3baca71fb394c81dc5d9c7728c95df695d2dca218edf40e6",
                "sha256:94aea8eff76ee6d1cdacb07dd2123a68283cb5569e0250feab1240058f53b623",
                "sha256:95eb302ff792e12aba9a8b8f8474ab229a83c103d74a750ec0bd1c1eea32e669",
                "sha256:9bd9b3b31adcb054116447ea22caa61a285d92e94d710aa5ec97992ff5eb7cf3",
                "sha256:9e608aafdb55eb9f255034709e20d5a83b6d60c054df0802fa9c9883d0a937aa",
                "sha256:a103b3a7069b62f5d4890ae1b8f0597618f628b286b03d4bc9195230b154bfa9",
                "sha256:a386ebe437176aab38c041de1260cd3ea459c6ce5263594399880bbc398225b2",
                "sha256:a38856a971c602f98472050165cea2cdc97709240373041b69030be15047691f",
                "sha256:a401b4598e5d3f4a9a811f3daf42ee2291790c7f9d74b18d75d6e21dda98a1a1",
                "sha256:a7647ebdfb9682b7bb97e2a5e7cb6ae735b1c25008a70b906aecca294ee96cf4",
                "sha256:aaf63899c94de41fe3cf934601b0f7ccb6b428c6e4eeb80da72c58eab077b19a",
                "sha256:b0dac0ff919ba34d4df1b6131f59ce95b08b9065233446be7e459f95554c0dc8",
                "sha256:baacc6aee0b2ef6f3d308e197b5d7a81c0e70b06beae1f1fcacffdbd124fe0e3",
                "sha256:bf420121d4c8dce6b889f0e8e4ec0ca34b7f40186203f06a946fa0276ba54029",
                "sha256:c04a46716adde8d927adb9457bbe39cf473e1e2c2f5d0a16ceb837e5d841ad4f",
                "sha256:c0b21078a4b56965e2b12f247467b234734491897e99c1d51cee628da9786959",
                "sha256:c1c76a1743432b4b60ab3358c937a3fe1341c828ae6194108a94c69028247f22",
                "sha256:c4983bf937209c57240cff65906b18bb35e64ae872da6a0db937d7b4af845dd7",
                "sha256:c4fb39a81950ec280984b3a44f5bd12819953dc5fa3a7e6fa7a80db5ee853952",
                "sha256:c57921cda3a80d0f2b8aec7e25c8aa14479ea92b5b51b6876d975d925a2ea346",
                "sha256:c8063cf17b19661471ecbdb3df1c84f24ad2e389e326ccaf89e3fb2484d8dd7e",
                "sha256:ccd16eb18a849fd8dcb23e23380e2f0a354e8daa0c984b8a732d9cfaba3a776d",
                "sha256:cd6dbe0238f7743d0efe563ab46294f54f9bc8f4b9bcf57c3c666cc5bc9d1299",
                "sha256:d62e51710986674142526ab9f78663ca2b0726066ae26b78b22e0f5e571238dd",
                "sha256:db901e2ac34c931d73054d9797383d0f8009991e723dab15109740a63e7f902a",
                "sha256:e03b8895a6990c9ab2cdcd0f2fe44088ca1c65ae592b8f795c3294af00a461c3",
                "sha256:e1c8a2f4c69e08e89632defbfabec2feb8a8d99edc9f89ce33c4b9e36ab63037",
                "sha256:e4b749b9cc6ee664a3300bb3a273c1ca8068c46be705b6c31cf5d276f8628a94",
                "sha256:e6a5bf2cba5ae1bb80b154ed68a3cfa2fa00fde979a7f50d6598d3e17d9ac20c",
                "sha256:e857a2232ba53ae940d3456f7533ce6ca98b81917d47adc3c7fd55dad8fab858",
                "sha256:ee4006268ed33370957f55bf2e6f4d263eaf4dc3cfc473d1d90baff6ed36ce4a",
                "sha256:eef9df1eefada2c09a5e7a40991b9fc6ac6ef20b1372abd48d2794a316dc0449",
                "sha256:f058f6963fd82eb143c692cecdc89e075fa0828db2e5b291070485390b2f1c9c",
                "sha256:f25c229a6ba38a35ae6e25ca1264621cc25d4d38dca2942a7fce0b67a4efe918",
                "sha256:f2a1d0fd4242bd8643ce6f98927cf9c04540af6efa92323e9d3124f57727bfc1",
                "sha256:f7560358a6811e52e9c4d142d497f1a6e10103d3a6881f18d04dbce3729c0e2c",
                "sha256:f779d3ad205f108d14e99bb3859aa7dd8e9c68874617c72354d7ecaec2a054ac",
                "sha256:f87f746ee241d30d6ed93969de31e5ffd09a2961a051e60ae6bddde9ec3583aa"
            ],
            "markers": "python_full_version >= '3.7.0'",
            "version": "==3.2.0"
        },
        "grapheme": {
            "hashes": [
                "sha256:44c2b9f21bbe77cfb05835fec230bd435954275267fea1858013b102f8603cca"
            ],
            "version": "==0.6.0"
        },
        "idna": {
            "hashes": [
                "sha256:814f528e8dead7d329833b91c5faa87d60bf71824cd12a7530b5526063d02cb4",
                "sha256:90b77e79eaa3eba6de819a0c442c0b4ceefc341a7a2ab77d7562bf49f425c5c2"
            ],
            "markers": "python_version >= '3.5'",
            "version": "==3.4"
        },
        "llvmlite": {
            "hashes": [
                "sha256:013000a11df84a8b5e4f7fbf2513896ca48441c527d9ae8e375da92bc5575d08",
                "sha256:0c79cb7e88403d6c64385bf1e63797af0884caf1f4afa3c8c4bbef1920e28148",
                "sha256:0d94e531c763340344198f2c31af6af7b665e9cd2b354e31afa5cf4abfce0a8e",
                "sha256:21191c6a9fb4a86d71ec72debbaf39db49590a950c8a2a4ac792c41d16b0a61a",
                "sha256:24b3f7e258ea7c07ebf9f70c772e25619de8d207192254beb7644b818a97440b",
                "sha256:27d9d11c8dcdb8a8e14e92d0be5bba60f15bdf2fc116b8d27cab40221093a1b0",
                "sha256:57c0a3fd031936461f9f24f4cace80a86c9ba09d8b02fa87c209607aae2463cb",
                "sha256:6c40e290d930b09bbebe0d05c750b8a9e20af147e8cec8d62aa42e874f46dbfa",
                "sha256:6e477d23afbdddb3dde789d29a771e23bcfa1b12485156370dba9df05d529d94",
                "sha256:70feadac822f8840f2db6cbb662f1b349fe5d375d8ceb9c907f3919e005dc705",
                "sha256:741bb2ab7712c4763483189f0684163fb3ac44087c617698c50654c7d7ab6a24",
                "sha256:7d41db345d76d2dfa31871178ce0d8e9fd8aa015aa1b7d4dab84b5cb393901e0",
                "sha256:8218d307bd89535207fea1cc1ef5498afcb6d0203153dba214058715fecdb699",
                "sha256:876cd5f53cfe51d3a5cf7952dc1a25bd6158f5795739b1f8159c3591b32ed3cb",
                "sha256:93ce07a0a6d98ff2fcc34e7d2d315d8d09f6a737539e089f1a8cbe4a3a0313bf",
                "sha256:a4af8722ad6cb0dd2d5454ebc5a7bf90867df5f3fcb0787396a3261052caefda",
                "sha256:acc81c1279f858e5eab460844cc381e30d6666bc8eea04724b54d4eeb1fd1e54",
                "sha256:d8997264291e822689f7d6df4716638f35ff586bef5b8be40e2ba77d6bd9405c",
                "sha256:dabfb1a28d26b8c01228f59aec90a61324203dda6b1465c596d577d6380545e8",
                "sha256:de31585b867e8d9bae0c15f03e8bf541afcff66ffa5f61e401a738274702bdcd",
                "sha256:f150e127d6bc0e74633b8ba210776b0b6fdc82af6dfebf0794318ea97634acd0",
                "sha256:f1b5df30581eb8dbdee0e17a1217debb1d7dcd61a092a09726afff441dad5a67",
                "sha256:f7b7022f1e2f652722ddd5697987f1aeaf0c9a64f2ee324e03f6e060b28a1bbd",
                "sha256:fe265129ecd18957d3653cfb17df1632fa2c57fd0bac1960bc20a8c3ca961197"
            ],
            "index": "pypi",
            "markers": "python_version >= '3.8'",
            "version": "==0.41.0"
        },
        "loguru": {
            "hashes": [
                "sha256:003d71e3d3ed35f0f8984898359d65b79e5b21943f78af86aa5491210429b8eb",
                "sha256:e671a53522515f34fd406340ee968cb9ecafbc4b36c679da03c18fd8d0bd51ac"
            ],
            "index": "pypi",
            "markers": "python_version >= '3.5'",
            "version": "==0.7.2"
        },
        "numpy": {
            "hashes": [
                "sha256:0ac6edfb35d2a99aaf102b509c8e9319c499ebd4978df4971b94419a116d0790",
                "sha256:26815c6c8498dc49d81faa76d61078c4f9f0859ce7817919021b9eba72b425e3",
                "sha256:4aedd08f15d3045a4e9c648f1e04daca2ab1044256959f1f95aafeeb3d794c16",
                "sha256:4c69fe5f05eea336b7a740e114dec995e2f927003c30702d896892403df6dbf0",
                "sha256:5177310ac2e63d6603f659fadc1e7bab33dd5a8db4e0596df34214eeab0fee3b",
                "sha256:5aa48bebfb41f93043a796128854b84407d4df730d3fb6e5dc36402f5cd594c0",
                "sha256:5b1b90860bf7d8a8c313b372d4f27343a54f415b20fb69dd601b7efe1029c91e",
                "sha256:6c284907e37f5e04d2412950960894b143a648dea3f79290757eb878b91acbd1",
                "sha256:6d183b5c58513f74225c376643234c369468e02947b47942eacbb23c1671f25d",
                "sha256:7412125b4f18aeddca2ecd7219ea2d2708f697943e6f624be41aa5f8a9852cc4",
                "sha256:7cd981ccc0afe49b9883f14761bb57c964df71124dcd155b0cba2b591f0d64b9",
                "sha256:85cdae87d8c136fd4da4dad1e48064d700f63e923d5af6c8c782ac0df8044542",
                "sha256:8aa130c3042052d656751df5e81f6d61edff3e289b5994edcf77f54118a8d9f4",
                "sha256:95367ccd88c07af21b379be1725b5322362bb83679d36691f124a16357390153",
                "sha256:9c7211d7920b97aeca7b3773a6783492b5b93baba39e7c36054f6e749fc7490c",
                "sha256:9e3f2b96e3b63c978bc29daaa3700c028fe3f049ea3031b58aa33fe2a5809d24",
                "sha256:b76aa836a952059d70a2788a2d98cb2a533ccd46222558b6970348939e55fc24",
                "sha256:b792164e539d99d93e4e5e09ae10f8cbe5466de7d759fc155e075237e0c274e4",
                "sha256:c0dc071017bc00abb7d7201bac06fa80333c6314477b3d10b52b58fa6a6e38f6",
                "sha256:cc3fda2b36482891db1060f00f881c77f9423eead4c3579629940a3e12095fe8",
                "sha256:d6b267f349a99d3908b56645eebf340cb58f01bd1e773b4eea1a905b3f0e4208",
                "sha256:d76a84998c51b8b68b40448ddd02bd1081bb33abcdc28beee6cd284fe11036c6",
                "sha256:e559c6afbca484072a98a51b6fa466aae785cfe89b69e8b856c3191bc8872a82",
                "sha256:ecc68f11404930e9c7ecfc937aa423e1e50158317bf67ca91736a9864eae0232",
                "sha256:f1accae9a28dc3cda46a91de86acf69de0d1b5f4edd44a9b0c3ceb8036dfff19"
            ],
            "index": "pypi",
            "markers": "python_version >= '3.9'",
            "version": "==1.25.0"
        },
        "python-dotenv": {
            "hashes": [
                "sha256:a8df96034aae6d2d50a4ebe8216326c61c3eb64836776504fcca410e5937a3ba",
                "sha256:f5971a9226b701070a4bf2c38c89e5a3f0d64de8debda981d1db98583009122a"
            ],
            "index": "pypi",
            "markers": "python_version >= '3.8'",
            "version": "==1.0.0"
        },
        "regex": {
            "hashes": [
                "sha256:0085da0f6c6393428bf0d9c08d8b1874d805bb55e17cb1dfa5ddb7cfb11140bf",
                "sha256:06c57e14ac723b04458df5956cfb7e2d9caa6e9d353c0b4c7d5d54fcb1325c46",
                "sha256:09b7f4c66aa9d1522b06e31a54f15581c37286237208df1345108fcf4e050c18",
                "sha256:0c59122ceccb905a941fb23b087b8eafc5290bf983ebcb14d2301febcbe199c7",
                "sha256:1005c60ed7037be0d9dea1f9c53cc42f836188227366370867222bda4c3c6bd7",
                "sha256:14898830f0a0eb67cae2bbbc787c1a7d6e34ecc06fbd39d3af5fe29a4468e2c9",
                "sha256:14dc6f2d88192a67d708341f3085df6a4f5a0c7b03dec08d763ca2cd86e9f559",
                "sha256:1e7d84d64c84ad97bf06f3c8cb5e48941f135ace28f450d86af6b6512f1c9a71",
                "sha256:2162ae2eb8b079622176a81b65d486ba50b888271302190870b8cc488587d280",
                "sha256:22283c769a7b01c8ac355d5be0715bf6929b6267619505e289f792b01304d898",
                "sha256:239c3c2a339d3b3ddd51c2daef10874410917cd2b998f043c13e2084cb191684",
                "sha256:293352710172239bf579c90a9864d0df57340b6fd21272345222fb6371bf82b3",
                "sha256:2ae54a338191e1356253e7883d9d19f8679b6143703086245fb14d1f20196be9",
                "sha256:2e73e5243af12d9cd6a9d6a45a43570dbe2e5b1cdfc862f5ae2b031e44dd95a8",
                "sha256:2e9216e0d2cdce7dbc9be48cb3eacb962740a09b011a116fd7af8c832ab116ca",
                "sha256:3026cbcf11d79095a32d9a13bbc572a458727bd5b1ca332df4a79faecd45281c",
                "sha256:3611576aff55918af2697410ff0293d6071b7e00f4b09e005d614686ac4cd57c",
                "sha256:3ae646c35cb9f820491760ac62c25b6d6b496757fda2d51be429e0e7b67ae0ab",
                "sha256:3b8e6ea6be6d64104d8e9afc34c151926f8182f84e7ac290a93925c0db004bfd",
                "sha256:3d370ff652323c5307d9c8e4c62efd1956fb08051b0e9210212bc51168b4ff56",
                "sha256:3f7454aa427b8ab9101f3787eb178057c5250478e39b99540cfc2b889c7d0586",
                "sha256:40f029d73b10fac448c73d6eb33d57b34607f40116e9f6e9f0d32e9229b147d7",
                "sha256:423adfa872b4908843ac3e7a30f957f5d5282944b81ca0a3b8a7ccbbfaa06103",
                "sha256:4873ef92e03a4309b3ccd8281454801b291b689f6ad45ef8c3658b6fa761d7ac",
                "sha256:48c640b99213643d141550326f34f0502fedb1798adb3c9eb79650b1ecb2f177",
                "sha256:4ae594c66f4a7e1ea67232a0846649a7c94c188d6c071ac0210c3e86a5f92109",
                "sha256:4b694430b3f00eb02c594ff5a16db30e054c1b9589a043fe9174584c6efa8033",
                "sha256:51d8ea2a3a1a8fe4f67de21b8b93757005213e8ac3917567872f2865185fa7fb",
                "sha256:54de2619f5ea58474f2ac211ceea6b615af2d7e4306220d4f3fe690c91988a61",
                "sha256:551ad543fa19e94943c5b2cebc54c73353ffff08228ee5f3376bd27b3d5b9800",
                "sha256:5543c055d8ec7801901e1193a51570643d6a6ab8751b1f7dd9af71af467538bb",
                "sha256:5cd9cd7170459b9223c5e592ac036e0704bee765706445c353d96f2890e816c8",
                "sha256:5ec4b3f0aebbbe2fc0134ee30a791af522a92ad9f164858805a77442d7d18570",
                "sha256:67ecd894e56a0c6108ec5ab1d8fa8418ec0cff45844a855966b875d1039a2e34",
                "sha256:6ab2ed84bf0137927846b37e882745a827458689eb969028af8032b1b3dac78e",
                "sha256:704f63b774218207b8ccc6c47fcef5340741e5d839d11d606f70af93ee78e4d4",
                "sha256:7098c524ba9f20717a56a8d551d2ed491ea89cbf37e540759ed3b776a4f8d6eb",
                "sha256:7aed90a72fc3654fba9bc4b7f851571dcc368120432ad68b226bd593f3f6c0b7",
                "sha256:7ce606c14bb195b0e5108544b540e2c5faed6843367e4ab3deb5c6aa5e681208",
                "sha256:7eb95fe8222932c10d4436e7a6f7c99991e3fdd9f36c949eff16a69246dee2dc",
                "sha256:80b80b889cb767cc47f31d2b2f3dec2db8126fbcd0cff31b3925b4dc6609dcdb",
                "sha256:82cd0a69cd28f6cc3789cc6adeb1027f79526b1ab50b1f6062bbc3a0ccb2dbc3",
                "sha256:83215147121e15d5f3a45d99abeed9cf1fe16869d5c233b08c56cdf75f43a504",
                "sha256:88900f521c645f784260a8d346e12a1590f79e96403971241e64c3a265c8ecdb",
                "sha256:91129ff1bb0619bc1f4ad19485718cc623a2dc433dff95baadbf89405c7f6b57",
                "sha256:920974009fb37b20d32afcdf0227a2e707eb83fe418713f7a8b7de038b870d0b",
                "sha256:9233ac249b354c54146e392e8a451e465dd2d967fc773690811d3a8c240ac601",
                "sha256:941460db8fe3bd613db52f05259c9336f5a47ccae7d7def44cc277184030a116",
                "sha256:942f8b1f3b223638b02df7df79140646c03938d488fbfb771824f3d05fc083a8",
                "sha256:964b16dcc10c79a4a2be9f1273fcc2684a9eedb3906439720598029a797b46e6",
                "sha256:9691a549c19c22d26a4f3b948071e93517bdf86e41b81d8c6ac8a964bb71e5a6",
                "sha256:96979d753b1dc3b2169003e1854dc67bfc86edf93c01e84757927f810b8c3c93",
                "sha256:987b9ac04d0b38ef4f89fbc035e84a7efad9cdd5f1e29024f9289182c8d99e09",
                "sha256:988631b9d78b546e284478c2ec15c8a85960e262e247b35ca5eaf7ee22f6050a",
                "sha256:9a96edd79661e93327cfeac4edec72a4046e14550a1d22aa0dd2e3ca52aec921",
                "sha256:9b7408511fca48a82a119d78a77c2f5eb1b22fe88b0d2450ed0756d194fe7a9a",
                "sha256:9dd6082f4e2aec9b6a0927202c85bc1b09dcab113f97265127c1dc20e2e32495",
                "sha256:a2ad5add903eb7cdde2b7c64aaca405f3957ab34f16594d2b78d53b8b1a6a7d6",
                "sha256:a8c65c17aed7e15a0c824cdc63a6b104dfc530f6fa8cb6ac51c437af52b481c7",
                "sha256:aadf28046e77a72f30dcc1ab185639e8de7f4104b8cb5c6dfa5d8ed860e57236",
                "sha256:b076da1ed19dc37788f6a934c60adf97bd02c7eea461b73730513921a85d4235",
                "sha256:b2aeab3895d778155054abea5238d0eb9a72e9242bd4b43f42fd911ef9a13470",
                "sha256:b82edc98d107cbc7357da7a5a695901b47d6eb0420e587256ba3ad24b80b7d0b",
                "sha256:b8a0ccc8f2698f120e9e5742f4b38dc944c38744d4bdfc427616f3a163dd9de5",
                "sha256:b993b6f524d1e274a5062488a43e3f9f8764ee9745ccd8e8193df743dbe5ee61",
                "sha256:bb34d1605f96a245fc39790a117ac1bac8de84ab7691637b26ab2c5efb8f228c",
                "sha256:bd3366aceedf274f765a3a4bc95d6cd97b130d1dda524d8f25225d14123c01db",
                "sha256:c12f6f67495ea05c3d542d119d270007090bad5b843f642d418eb601ec0fa7be",
                "sha256:c662a4cbdd6280ee56f841f14620787215a171c4e2d1744c9528bed8f5816c96",
                "sha256:c884d1a59e69e03b93cf0dfee8794c63d7de0ee8f7ffb76e5f75be8131b6400a",
                "sha256:ca339088839582d01654e6f83a637a4b8194d0960477b9769d2ff2cfa0fa36d2",
                "sha256:cd2b6c5dfe0929b6c23dde9624483380b170b6e34ed79054ad131b20203a1a63",
                "sha256:ce0f9fbe7d295f9922c0424a3637b88c6c472b75eafeaff6f910494a1fa719ef",
                "sha256:cf0633e4a1b667bfe0bb10b5e53fe0d5f34a6243ea2530eb342491f1adf4f739",
                "sha256:cf9273e96f3ee2ac89ffcb17627a78f78e7516b08f94dc435844ae72576a276e",
                "sha256:d909b5a3fff619dc7e48b6b1bedc2f30ec43033ba7af32f936c10839e81b9217",
                "sha256:d9b6627408021452dcd0d2cdf8da0534e19d93d070bfa8b6b4176f99711e7f90",
                "sha256:de35342190deb7b866ad6ba5cbcccb2d22c0487ee0cbb251efef0843d705f0d4",
                "sha256:e51c80c168074faa793685656c38eb7a06cbad7774c8cbc3ea05552d615393d8",
                "sha256:e6bd1e9b95bc5614a7a9c9c44fde9539cba1c823b43a9f7bc11266446dd568e3",
                "sha256:e7a9aaa5a1267125eef22cef3b63484c3241aaec6f48949b366d26c7250e0357",
                "sha256:e951d1a8e9963ea51efd7f150450803e3b95db5939f994ad3d5edac2b6f6e2b4",
                "sha256:e9941a4ada58f6218694f382e43fdd256e97615db9da135e77359da257a7168b",
                "sha256:f0640913d2c1044d97e30d7c41728195fc37e54d190c5385eacb52115127b882",
                "sha256:f0ccf3e01afeb412a1a9993049cb160d0352dba635bbca7762b2dc722aa5742a",
                "sha256:f2181c20ef18747d5f4a7ea513e09ea03bdd50884a11ce46066bb90fe4213675",
                "sha256:f2200e00b62568cfd920127782c61bc1c546062a879cdc741cfcc6976668dfcf",
                "sha256:fcbdc5f2b0f1cd0f6a56cdb46fe41d2cce1e644e3b68832f3eeebc5fb0f7712e"
            ],
            "markers": "python_version >= '3.6'",
            "version": "==2023.8.8"
        },
        "requests": {
            "hashes": [
                "sha256:58cd2187c01e70e6e26505bca751777aa9f2ee0b7f4300988b709f44e013003f",
                "sha256:942c5a758f98d790eaed1a29cb6eefc7ffb0d1cf7af05c3d2791656dbd6ad1e1"
            ],
            "markers": "python_version >= '3.7'",
            "version": "==2.31.0"
        },
        "tiktoken": {
            "hashes": [
                "sha256:02c35c78849ead31b69fd42b021031554fd1f3813fd1bf064185f6404768eea6",
                "sha256:0f994aefe5f2c69dc6ee822c5323c5bef2cb4c84533af813c4b867419701cc2d",
                "sha256:11ce4800f5708cf43997fbcec9cd69939462b8c5856715aae6ddb244a5d71eed",
                "sha256:2a9324122f8e33475b575f7bfff035c15a789dc50edeca907ecaa9c8d72cc168",
                "sha256:2c5a3a1aa7bc2490c2e64f7a1d14159e03b1c252ed253e0ca712c1952d51ca2f",
                "sha256:2f1c85626ed1bf68104715893dad9dce8153cab44cfeeeab5c56bb5ec92b813c",
                "sha256:2fbb444c0183701a2f012a720b040b6116b0e061c7ea70a3a8828b850fb2c71a",
                "sha256:3578d1d49757d9a2770d1aa36915a342804da1a419c7db218d3565309599e378",
                "sha256:3aab8676862ccc923867864f5339fdb1a5322fc21f9f06bbba0ae7a845d7fe5a",
                "sha256:5939137cc4d2b3628a00254ad22b1d520a945a100d8bf760bc0e2963ebd6d173",
                "sha256:6eaf6b593f09e321446e0940d5bc72960687b2d1889c0431d42718d437bb3285",
                "sha256:74280005ad0c6aceb53b12aad84d9b3753b72da6603d57bbc35212631e6a3bb1",
                "sha256:7c96a1234e0edd4a7dd616c5da2658268a55c0931e72d319a998807feba8aa77",
                "sha256:89bc1d136ab6abfcc0aab0ab52b5641ca45c23bd63f65da957c2d13122e5ae3c",
                "sha256:89e2fdba5ab5a13a2f174e76897d6135caf31b0aa9fa97c8df63eaa8acfea46a",
                "sha256:8d45410f89b7efb26b53eb8993f1122e0442abe0bb913ccb0f5d28be7e36e2a9",
                "sha256:8e2ac182d9c975c7c5068382bb17f56e468c35007ea075e37f4bebe85c95f9fc",
                "sha256:9635a6a5aadeb116c950b285d97987199cada3e28531a84f32b38941dead759f",
                "sha256:bbf1af57d68340447ca1827a93ae0a788f97787b3a17851709156636df47d815",
                "sha256:bd88e25af7463d5b15812262f66d6f3096a6e4b60e0c0712b917a51175f57f0d",
                "sha256:bf10dff18a1b6b009aa89f0850a8024b393696045a65e82d10e55d7ae5c8b5bd",
                "sha256:c8dfd3280f5fca0d8ed2ec18c0f11f7cba305af48faaf4b914c71b7d221f39ed",
                "sha256:caaf5db8705d7d39286361a2ef71315ff1673b8787fe64f457c63770ceda1f6b",
                "sha256:dbb94200722590d2cae477967f0470f17846e5cada4fc1e4754ec8701cdd6494",
                "sha256:dda8f19ce057d7aa5f8015ffea3beacc20661a42afbc81f7a599534716214a8e",
                "sha256:e31972f9594a34e2546b69b87e921e035b2f52b12559c9cd5231f796c6473ffc",
                "sha256:f16e1bb26a36841bb58b857ed3bbe1e6be845829e5dbb28cea80e2e622ebd753",
                "sha256:f823a3034abc838e53a42271c6a15369ccbf467abbba517ee3595d6741dab107",
                "sha256:f84d9bc41da27961516b8e56254ad886e16ac64a3f5b5fb7c4335678e23579b0"
            ],
            "index": "pypi",
            "markers": "python_version >= '3.8'",
            "version": "==0.5.0"
        },
        "urllib3": {
            "hashes": [
                "sha256:13abf37382ea2ce6fb744d4dad67838eec857c9f4f57009891805e0b5e123594",
                "sha256:ef16afa8ba34a1f989db38e1dbbe0c302e4289a47856990d0682e374563ce35e"
            ],
            "markers": "python_version >= '3.7'",
            "version": "==2.0.5"
        }
    },
    "develop": {}
}
